
Microsoft Visual Studio Solution File, Format Version 12.00
# Visual Studio Version 17
VisualStudioVersion = 17.6.33829.357
MinimumVisualStudioVersion = 10.0.40219.1
Project("{FAE04EC0-301F-11D3-BF4B-00C04F79EFBC}") = "SignalR", "SignalR\SignalR.csproj", "{139A0C58-491F-416B-B56A-DF65CCDB8276}"
EndProject
Global
	GlobalSection(SolutionConfigurationPlatforms) = preSolution
		Debug|Any CPU = Debug|Any CPU
		Release|Any CPU = Release|Any CPU
	EndGlobalSection
	GlobalSection(ProjectConfigurationPlatforms) = postSolution
		{139A0C58-491F-416B-B56A-DF65CCDB8276}.Debug|Any CPU.ActiveCfg = Debug|Any CPU
		{139A0C58-491F-416B-B56A-DF65CCDB8276}.Debug|Any CPU.Build.0 = Debug|Any CPU
		{139A0C58-491F-416B-B56A-DF65CCDB8276}.Release|Any CPU.ActiveCfg = Release|Any CPU
		{139A0C58-491F-416B-B56A-DF65CCDB8276}.Release|Any CPU.Build.0 = Release|Any CPU
	EndGlobalSection
	GlobalSection(SolutionProperties) = preSolution
		HideSolutionNode = FALSE
	EndGlobalSection
	GlobalSection(ExtensibilityGlobals) = postSolution
		SolutionGuid = {47493120-EA9C-4A63-9628-5FDFA370CDE9}
	EndGlobalSection
EndGlobal
